
Microsoft Visual Studio Solution File, Format Version 12.00
# Visual Studio Version 17
VisualStudioVersion = 17.9.34622.214
MinimumVisualStudioVersion = 10.0.40219.1
Project("{9A19103F-16F7-4668-BE54-9A1E7A4F7556}") = "DatingWebAppAPI", "DatingWebAppAPI\DatingWebAppAPI.csproj", "{B009C46F-C771-42AC-8E07-EF9468977CE0}"
EndProject
Project("{9A19103F-16F7-4668-BE54-9A1E7A4F7556}") = "App.Data", "App.Data\App.Data.csproj", "{3B757182-2933-4F53-95B2-ED74B20BBB16}"
EndProject
Project("{9A19103F-16F7-4668-BE54-9A1E7A4F7556}") = "App.Core", "App.Core\App.Core.csproj", "{A860BAA0-B073-46EE-BB4C-BC32536632CC}"
EndProject
Project("{FAE04EC0-301F-11D3-BF4B-00C04F79EFBC}") = "App.API.Infrastructure", "App.API.Infrastructure\App.API.Infrastructure.csproj", "{C91BC36F-1E2F-4CA5-B7DC-61DA65CC5B9C}"
EndProject
Global
	GlobalSection(SolutionConfigurationPlatforms) = preSolution
		Debug|Any CPU = Debug|Any CPU
		Release|Any CPU = Release|Any CPU
	EndGlobalSection
	GlobalSection(ProjectConfigurationPlatforms) = postSolution
		{B009C46F-C771-42AC-8E07-EF9468977CE0}.Debug|Any CPU.ActiveCfg = Debug|Any CPU
		{B009C46F-C771-42AC-8E07-EF9468977CE0}.Debug|Any CPU.Build.0 = Debug|Any CPU
		{B009C46F-C771-42AC-8E07-EF9468977CE0}.Release|Any CPU.ActiveCfg = Release|Any CPU
		{B009C46F-C771-42AC-8E07-EF9468977CE0}.Release|Any CPU.Build.0 = Release|Any CPU
		{3B757182-2933-4F53-95B2-ED74B20BBB16}.Debug|Any CPU.ActiveCfg = Debug|Any CPU
		{3B757182-2933-4F53-95B2-ED74B20BBB16}.Debug|Any CPU.Build.0 = Debug|Any CPU
		{3B757182-2933-4F53-95B2-ED74B20BBB16}.Release|Any CPU.ActiveCfg = Release|Any CPU
		{3B757182-2933-4F53-95B2-ED74B20BBB16}.Release|Any CPU.Build.0 = Release|Any CPU
		{A860BAA0-B073-46EE-BB4C-BC32536632CC}.Debug|Any CPU.ActiveCfg = Debug|Any CPU
		{A860BAA0-B073-46EE-BB4C-BC32536632CC}.Debug|Any CPU.Build.0 = Debug|Any CPU
		{A860BAA0-B073-46EE-BB4C-BC32536632CC}.Release|Any CPU.ActiveCfg = Release|Any CPU
		{A860BAA0-B073-46EE-BB4C-BC32536632CC}.Release|Any CPU.Build.0 = Release|Any CPU
		{C91BC36F-1E2F-4CA5-B7DC-61DA65CC5B9C}.Debug|Any CPU.ActiveCfg = Debug|Any CPU
		{C91BC36F-1E2F-4CA5-B7DC-61DA65CC5B9C}.Debug|Any CPU.Build.0 = Debug|Any CPU
		{C91BC36F-1E2F-4CA5-B7DC-61DA65CC5B9C}.Release|Any CPU.ActiveCfg = Release|Any CPU
		{C91BC36F-1E2F-4CA5-B7DC-61DA65CC5B9C}.Release|Any CPU.Build.0 = Release|Any CPU
	EndGlobalSection
	GlobalSection(SolutionProperties) = preSolution
		HideSolutionNode = FALSE
	EndGlobalSection
	GlobalSection(ExtensibilityGlobals) = postSolution
		SolutionGuid = {3AF69657-A584-4407-861F-B96D4086095A}
	EndGlobalSection
EndGlobal
